
Microsoft Visual Studio Solution File, Format Version 12.00
# Visual Studio 15
VisualStudioVersion = 15.0.27703.2047
MinimumVisualStudioVersion = 10.0.40219.1
Project("{FAE04EC0-301F-11D3-BF4B-00C04F79EFBC}") = "ChubbyWarps", "ChubbyWarps\ChubbyWarps.csproj", "{138E91F9-D0BD-4079-9D35-A27C8FD75415}"
EndProject
Global
	GlobalSection(SolutionConfigurationPlatforms) = preSolution
		Debug|Any CPU = Debug|Any CPU
		Release|Any CPU = Release|Any CPU
	EndGlobalSection
	GlobalSection(ProjectConfigurationPlatforms) = postSolution
		{138E91F9-D0BD-4079-9D35-A27C8FD75415}.Debug|Any CPU.ActiveCfg = Debug|Any CPU
		{138E91F9-D0BD-4079-9D35-A27C8FD75415}.Debug|Any CPU.Build.0 = Debug|Any CPU
		{138E91F9-D0BD-4079-9D35-A27C8FD75415}.Release|Any CPU.ActiveCfg = Release|Any CPU
		{138E91F9-D0BD-4079-9D35-A27C8FD75415}.Release|Any CPU.Build.0 = Release|Any CPU
	EndGlobalSection
	GlobalSection(SolutionProperties) = preSolution
		HideSolutionNode = FALSE
	EndGlobalSection
	GlobalSection(ExtensibilityGlobals) = postSolution
		SolutionGuid = {7AB5CC59-8952-4CFE-86A9-8049CCDC0DDE}
	EndGlobalSection
EndGlobal
